
Microsoft Visual Studio Solution File, Format Version 12.00
# Visual Studio Version 16
VisualStudioVersion = 16.0.29326.143
MinimumVisualStudioVersion = 10.0.40219.1
Project("{FAE04EC0-301F-11D3-BF4B-00C04F79EFBC}") = "Unit_tests", "Unit_tests\Unit_tests.csproj", "{1A1F245B-6951-49B2-91AE-79D41C823E84}"
EndProject
Project("{FAE04EC0-301F-11D3-BF4B-00C04F79EFBC}") = "UnitTest", "UnitTest\UnitTest.csproj", "{EB5B15E8-B8EE-416E-B90F-4A72ACDF6117}"
EndProject
Global
	GlobalSection(SolutionConfigurationPlatforms) = preSolution
		Debug|Any CPU = Debug|Any CPU
		Release|Any CPU = Release|Any CPU
	EndGlobalSection
	GlobalSection(ProjectConfigurationPlatforms) = postSolution
		{1A1F245B-6951-49B2-91AE-79D41C823E84}.Debug|Any CPU.ActiveCfg = Debug|Any CPU
		{1A1F245B-6951-49B2-91AE-79D41C823E84}.Debug|Any CPU.Build.0 = Debug|Any CPU
		{1A1F245B-6951-49B2-91AE-79D41C823E84}.Release|Any CPU.ActiveCfg = Release|Any CPU
		{1A1F245B-6951-49B2-91AE-79D41C823E84}.Release|Any CPU.Build.0 = Release|Any CPU
		{EB5B15E8-B8EE-416E-B90F-4A72ACDF6117}.Debug|Any CPU.ActiveCfg = Debug|Any CPU
		{EB5B15E8-B8EE-416E-B90F-4A72ACDF6117}.Debug|Any CPU.Build.0 = Debug|Any CPU
		{EB5B15E8-B8EE-416E-B90F-4A72ACDF6117}.Release|Any CPU.ActiveCfg = Release|Any CPU
		{EB5B15E8-B8EE-416E-B90F-4A72ACDF6117}.Release|Any CPU.Build.0 = Release|Any CPU
	EndGlobalSection
	GlobalSection(SolutionProperties) = preSolution
		HideSolutionNode = FALSE
	EndGlobalSection
	GlobalSection(ExtensibilityGlobals) = postSolution
		SolutionGuid = {89CEEF6C-68D3-4F2B-8058-F2E9CD6ED642}
	EndGlobalSection
EndGlobal
