
Microsoft Visual Studio Solution File, Format Version 12.00
# Visual Studio Version 16
VisualStudioVersion = 16.0.29326.143
MinimumVisualStudioVersion = 10.0.40219.1
Project("{FAE04EC0-301F-11D3-BF4B-00C04F79EFBC}") = "PageObject", "PageObject\PageObject.csproj", "{06779A45-84F1-471F-992C-E988F9E60472}"
EndProject
Global
	GlobalSection(SolutionConfigurationPlatforms) = preSolution
		Debug|Any CPU = Debug|Any CPU
		Release|Any CPU = Release|Any CPU
	EndGlobalSection
	GlobalSection(ProjectConfigurationPlatforms) = postSolution
		{06779A45-84F1-471F-992C-E988F9E60472}.Debug|Any CPU.ActiveCfg = Debug|Any CPU
		{06779A45-84F1-471F-992C-E988F9E60472}.Debug|Any CPU.Build.0 = Debug|Any CPU
		{06779A45-84F1-471F-992C-E988F9E60472}.Release|Any CPU.ActiveCfg = Release|Any CPU
		{06779A45-84F1-471F-992C-E988F9E60472}.Release|Any CPU.Build.0 = Release|Any CPU
	EndGlobalSection
	GlobalSection(SolutionProperties) = preSolution
		HideSolutionNode = FALSE
	EndGlobalSection
	GlobalSection(ExtensibilityGlobals) = postSolution
		SolutionGuid = {277AE901-90DE-4236-BDEB-22964EBB80D5}
	EndGlobalSection
EndGlobal
